
Microsoft Visual Studio Solution File, Format Version 12.00
# Visual Studio Version 16
VisualStudioVersion = 16.0.30114.105
MinimumVisualStudioVersion = 10.0.40219.1
Project("{2150E333-8FDC-42A3-9474-1A3956D46DE8}") = "src", "src", "{9E6ED133-E040-4131-A43A-FA1EED9ED075}"
EndProject
Project("{FAE04EC0-301F-11D3-BF4B-00C04F79EFBC}") = "SimpleAPI", "src\SimpleAPI\SimpleAPI.csproj", "{E6489F79-6E2E-4014-9E95-B98D8E48A2FB}"
EndProject
Project("{2150E333-8FDC-42A3-9474-1A3956D46DE8}") = "test", "test", "{F6583FE8-C7F9-4EB5-AE9B-6844A49CEE60}"
EndProject
Project("{FAE04EC0-301F-11D3-BF4B-00C04F79EFBC}") = "SimpleAPI.Test", "test\SimpleAPI.Test\SimpleAPI.Test.csproj", "{4B9130D0-303D-457E-ACAF-E1CD4C295F9F}"
EndProject
Global
	GlobalSection(SolutionConfigurationPlatforms) = preSolution
		Debug|Any CPU = Debug|Any CPU
		Debug|x64 = Debug|x64
		Debug|x86 = Debug|x86
		Release|Any CPU = Release|Any CPU
		Release|x64 = Release|x64
		Release|x86 = Release|x86
	EndGlobalSection
	GlobalSection(SolutionProperties) = preSolution
		HideSolutionNode = FALSE
	EndGlobalSection
	GlobalSection(ProjectConfigurationPlatforms) = postSolution
		{E6489F79-6E2E-4014-9E95-B98D8E48A2FB}.Debug|Any CPU.ActiveCfg = Debug|Any CPU
		{E6489F79-6E2E-4014-9E95-B98D8E48A2FB}.Debug|Any CPU.Build.0 = Debug|Any CPU
		{E6489F79-6E2E-4014-9E95-B98D8E48A2FB}.Debug|x64.ActiveCfg = Debug|Any CPU
		{E6489F79-6E2E-4014-9E95-B98D8E48A2FB}.Debug|x64.Build.0 = Debug|Any CPU
		{E6489F79-6E2E-4014-9E95-B98D8E48A2FB}.Debug|x86.ActiveCfg = Debug|Any CPU
		{E6489F79-6E2E-4014-9E95-B98D8E48A2FB}.Debug|x86.Build.0 = Debug|Any CPU
		{E6489F79-6E2E-4014-9E95-B98D8E48A2FB}.Release|Any CPU.ActiveCfg = Release|Any CPU
		{E6489F79-6E2E-4014-9E95-B98D8E48A2FB}.Release|Any CPU.Build.0 = Release|Any CPU
		{E6489F79-6E2E-4014-9E95-B98D8E48A2FB}.Release|x64.ActiveCfg = Release|Any CPU
		{E6489F79-6E2E-4014-9E95-B98D8E48A2FB}.Release|x64.Build.0 = Release|Any CPU
		{E6489F79-6E2E-4014-9E95-B98D8E48A2FB}.Release|x86.ActiveCfg = Release|Any CPU
		{E6489F79-6E2E-4014-9E95-B98D8E48A2FB}.Release|x86.Build.0 = Release|Any CPU
		{4B9130D0-303D-457E-ACAF-E1CD4C295F9F}.Debug|Any CPU.ActiveCfg = Debug|Any CPU
		{4B9130D0-303D-457E-ACAF-E1CD4C295F9F}.Debug|Any CPU.Build.0 = Debug|Any CPU
		{4B9130D0-303D-457E-ACAF-E1CD4C295F9F}.Debug|x64.ActiveCfg = Debug|Any CPU
		{4B9130D0-303D-457E-ACAF-E1CD4C295F9F}.Debug|x64.Build.0 = Debug|Any CPU
		{4B9130D0-303D-457E-ACAF-E1CD4C295F9F}.Debug|x86.ActiveCfg = Debug|Any CPU
		{4B9130D0-303D-457E-ACAF-E1CD4C295F9F}.Debug|x86.Build.0 = Debug|Any CPU
		{4B9130D0-303D-457E-ACAF-E1CD4C295F9F}.Release|Any CPU.ActiveCfg = Release|Any CPU
		{4B9130D0-303D-457E-ACAF-E1CD4C295F9F}.Release|Any CPU.Build.0 = Release|Any CPU
		{4B9130D0-303D-457E-ACAF-E1CD4C295F9F}.Release|x64.ActiveCfg = Release|Any CPU
		{4B9130D0-303D-457E-ACAF-E1CD4C295F9F}.Release|x64.Build.0 = Release|Any CPU
		{4B9130D0-303D-457E-ACAF-E1CD4C295F9F}.Release|x86.ActiveCfg = Release|Any CPU
		{4B9130D0-303D-457E-ACAF-E1CD4C295F9F}.Release|x86.Build.0 = Release|Any CPU
	EndGlobalSection
	GlobalSection(NestedProjects) = preSolution
		{E6489F79-6E2E-4014-9E95-B98D8E48A2FB} = {9E6ED133-E040-4131-A43A-FA1EED9ED075}
		{4B9130D0-303D-457E-ACAF-E1CD4C295F9F} = {F6583FE8-C7F9-4EB5-AE9B-6844A49CEE60}
	EndGlobalSection
EndGlobal
